
Microsoft Visual Studio Solution File, Format Version 12.00
# Visual Studio 15
VisualStudioVersion = 15.0.26430.16
MinimumVisualStudioVersion = 10.0.40219.1
Project("{FAE04EC0-301F-11D3-BF4B-00C04F79EFBC}") = "XFSkiaSharpDemo.Android", "XFSkiaSharpDemo\XFSkiaSharpDemo.Android\XFSkiaSharpDemo.Android.csproj", "{4C2ABFD7-CDDF-47D8-99C9-B514553094D6}"
EndProject
Project("{FAE04EC0-301F-11D3-BF4B-00C04F79EFBC}") = "XFSkiaSharpDemo", "XFSkiaSharpDemo\XFSkiaSharpDemo\XFSkiaSharpDemo.csproj", "{5586B489-9610-458B-AE39-FDAB2BEC705C}"
EndProject
Project("{FAE04EC0-301F-11D3-BF4B-00C04F79EFBC}") = "XFSkiaSharpDemo.UWP", "XFSkiaSharpDemo\XFSkiaSharpDemo.UWP\XFSkiaSharpDemo.UWP.csproj", "{65F00653-8A5F-4715-AD74-2B50EAC2E218}"
EndProject
Project("{FAE04EC0-301F-11D3-BF4B-00C04F79EFBC}") = "XFSkiaSharpDemo.iOS", "XFSkiaSharpDemo\XFSkiaSharpDemo.iOS\XFSkiaSharpDemo.iOS.csproj", "{84D82FAB-1D06-4D69-9789-6F23B238D550}"
EndProject
Global
	GlobalSection(SolutionConfigurationPlatforms) = preSolution
		Ad-Hoc|Any CPU = Ad-Hoc|Any CPU
		Ad-Hoc|ARM = Ad-Hoc|ARM
		Ad-Hoc|iPhone = Ad-Hoc|iPhone
		Ad-Hoc|iPhoneSimulator = Ad-Hoc|iPhoneSimulator
		Ad-Hoc|x64 = Ad-Hoc|x64
		Ad-Hoc|x86 = Ad-Hoc|x86
		AppStore|Any CPU = AppStore|Any CPU
		AppStore|ARM = AppStore|ARM
		AppStore|iPhone = AppStore|iPhone
		AppStore|iPhoneSimulator = AppStore|iPhoneSimulator
		AppStore|x64 = AppStore|x64
		AppStore|x86 = AppStore|x86
		Debug|Any CPU = Debug|Any CPU
		Debug|ARM = Debug|ARM
		Debug|iPhone = Debug|iPhone
		Debug|iPhoneSimulator = Debug|iPhoneSimulator
		Debug|x64 = Debug|x64
		Debug|x86 = Debug|x86
		Release|Any CPU = Release|Any CPU
		Release|ARM = Release|ARM
		Release|iPhone = Release|iPhone
		Release|iPhoneSimulator = Release|iPhoneSimulator
		Release|x64 = Release|x64
		Release|x86 = Release|x86
	EndGlobalSection
	GlobalSection(ProjectConfigurationPlatforms) = postSolution
		{4C2ABFD7-CDDF-47D8-99C9-B514553094D6}.Ad-Hoc|Any CPU.ActiveCfg = Release|Any CPU
		{4C2ABFD7-CDDF-47D8-99C9-B514553094D6}.Ad-Hoc|Any CPU.Build.0 = Release|Any CPU
		{4C2ABFD7-CDDF-47D8-99C9-B514553094D6}.Ad-Hoc|Any CPU.Deploy.0 = Release|Any CPU
		{4C2ABFD7-CDDF-47D8-99C9-B514553094D6}.Ad-Hoc|ARM.ActiveCfg = Release|Any CPU
		{4C2ABFD7-CDDF-47D8-99C9-B514553094D6}.Ad-Hoc|ARM.Build.0 = Release|Any CPU
		{4C2ABFD7-CDDF-47D8-99C9-B514553094D6}.Ad-Hoc|ARM.Deploy.0 = Release|Any CPU
		{4C2ABFD7-CDDF-47D8-99C9-B514553094D6}.Ad-Hoc|iPhone.ActiveCfg = Release|Any CPU
		{4C2ABFD7-CDDF-47D8-99C9-B514553094D6}.Ad-Hoc|iPhone.Build.0 = Release|Any CPU
		{4C2ABFD7-CDDF-47D8-99C9-B514553094D6}.Ad-Hoc|iPhone.Deploy.0 = Release|Any CPU
		{4C2ABFD7-CDDF-47D8-99C9-B514553094D6}.Ad-Hoc|iPhoneSimulator.ActiveCfg = Release|Any CPU
		{4C2ABFD7-CDDF-47D8-99C9-B514553094D6}.Ad-Hoc|iPhoneSimulator.Build.0 = Release|Any CPU
		{4C2ABFD7-CDDF-47D8-99C9-B514553094D6}.Ad-Hoc|iPhoneSimulator.Deploy.0 = Release|Any CPU
		{4C2ABFD7-CDDF-47D8-99C9-B514553094D6}.Ad-Hoc|x64.ActiveCfg = Release|Any CPU
		{4C2ABFD7-CDDF-47D8-99C9-B514553094D6}.Ad-Hoc|x64.Build.0 = Release|Any CPU
		{4C2ABFD7-CDDF-47D8-99C9-B514553094D6}.Ad-Hoc|x64.Deploy.0 = Release|Any CPU
		{4C2ABFD7-CDDF-47D8-99C9-B514553094D6}.Ad-Hoc|x86.ActiveCfg = Release|Any CPU
		{4C2ABFD7-CDDF-47D8-99C9-B514553094D6}.Ad-Hoc|x86.Build.0 = Release|Any CPU
		{4C2ABFD7-CDDF-47D8-99C9-B514553094D6}.Ad-Hoc|x86.Deploy.0 = Release|Any CPU
		{4C2ABFD7-CDDF-47D8-99C9-B514553094D6}.AppStore|Any CPU.ActiveCfg = Release|Any CPU
		{4C2ABFD7-CDDF-47D8-99C9-B514553094D6}.AppStore|Any CPU.Build.0 = Release|Any CPU
		{4C2ABFD7-CDDF-47D8-99C9-B514553094D6}.AppStore|Any CPU.Deploy.0 = Release|Any CPU
		{4C2ABFD7-CDDF-47D8-99C9-B514553094D6}.AppStore|ARM.ActiveCfg = Release|Any CPU
		{4C2ABFD7-CDDF-47D8-99C9-B514553094D6}.AppStore|ARM.Build.0 = Release|Any CPU
		{4C2ABFD7-CDDF-47D8-99C9-B514553094D6}.AppStore|ARM.Deploy.0 = Release|Any CPU
		{4C2ABFD7-CDDF-47D8-99C9-B514553094D6}.AppStore|iPhone.ActiveCfg = Release|Any CPU
		{4C2ABFD7-CDDF-47D8-99C9-B514553094D6}.AppStore|iPhone.Build.0 = Release|Any CPU
		{4C2ABFD7-CDDF-47D8-99C9-B514553094D6}.AppStore|iPhone.Deploy.0 = Release|Any CPU
		{4C2ABFD7-CDDF-47D8-99C9-B514553094D6}.AppStore|iPhoneSimulator.ActiveCfg = Release|Any CPU
		{4C2ABFD7-CDDF-47D8-99C9-B514553094D6}.AppStore|iPhoneSimulator.Build.0 = Release|Any CPU
		{4C2ABFD7-CDDF-47D8-99C9-B514553094D6}.AppStore|iPhoneSimulator.Deploy.0 = Release|Any CPU
		{4C2ABFD7-CDDF-47D8-99C9-B514553094D6}.AppStore|x64.ActiveCfg = Release|Any CPU
		{4C2ABFD7-CDDF-47D8-99C9-B514553094D6}.AppStore|x64.Build.0 = Release|Any CPU
		{4C2ABFD7-CDDF-47D8-99C9-B514553094D6}.AppStore|x64.Deploy.0 = Release|Any CPU
		{4C2ABFD7-CDDF-47D8-99C9-B514553094D6}.AppStore|x86.ActiveCfg = Release|Any CPU
		{4C2ABFD7-CDDF-47D8-99C9-B514553094D6}.AppStore|x86.Build.0 = Release|Any CPU
		{4C2ABFD7-CDDF-47D8-99C9-B514553094D6}.AppStore|x86.Deploy.0 = Release|Any CPU
		{4C2ABFD7-CDDF-47D8-99C9-B514553094D6}.Debug|Any CPU.ActiveCfg = Debug|Any CPU
		{4C2ABFD7-CDDF-47D8-99C9-B514553094D6}.Debug|Any CPU.Build.0 = Debug|Any CPU
		{4C2ABFD7-CDDF-47D8-99C9-B514553094D6}.Debug|Any CPU.Deploy.0 = Debug|Any CPU
		{4C2ABFD7-CDDF-47D8-99C9-B514553094D6}.Debug|ARM.ActiveCfg = Debug|Any CPU
		{4C2ABFD7-CDDF-47D8-99C9-B514553094D6}.Debug|ARM.Build.0 = Debug|Any CPU
		{4C2ABFD7-CDDF-47D8-99C9-B514553094D6}.Debug|ARM.Deploy.0 = Debug|Any CPU
		{4C2ABFD7-CDDF-47D8-99C9-B514553094D6}.Debug|iPhone.ActiveCfg = Debug|Any CPU
		{4C2ABFD7-CDDF-47D8-99C9-B514553094D6}.Debug|iPhone.Build.0 = Debug|Any CPU
		{4C2ABFD7-CDDF-47D8-99C9-B514553094D6}.Debug|iPhone.Deploy.0 = Debug|Any CPU
		{4C2ABFD7-CDDF-47D8-99C9-B514553094D6}.Debug|iPhoneSimulator.ActiveCfg = Debug|Any CPU
		{4C2ABFD7-CDDF-47D8-99C9-B514553094D6}.Debug|iPhoneSimulator.Build.0 = Debug|Any CPU
		{4C2ABFD7-CDDF-47D8-99C9-B514553094D6}.Debug|iPhoneSimulator.Deploy.0 = Debug|Any CPU
		{4C2ABFD7-CDDF-47D8-99C9-B514553094D6}.Debug|x64.ActiveCfg = Debug|Any CPU
		{4C2ABFD7-CDDF-47D8-99C9-B514553094D6}.Debug|x64.Build.0 = Debug|Any CPU
		{4C2ABFD7-CDDF-47D8-99C9-B514553094D6}.Debug|x64.Deploy.0 = Debug|Any CPU
		{4C2ABFD7-CDDF-47D8-99C9-B514553094D6}.Debug|x86.ActiveCfg = Debug|Any CPU
		{4C2ABFD7-CDDF-47D8-99C9-B514553094D6}.Debug|x86.Build.0 = Debug|Any CPU
		{4C2ABFD7-CDDF-47D8-99C9-B514553094D6}.Debug|x86.Deploy.0 = Debug|Any CPU
		{4C2ABFD7-CDDF-47D8-99C9-B514553094D6}.Release|Any CPU.ActiveCfg = Release|Any CPU
		{4C2ABFD7-CDDF-47D8-99C9-B514553094D6}.Release|Any CPU.Build.0 = Release|Any CPU
		{4C2ABFD7-CDDF-47D8-99C9-B514553094D6}.Release|Any CPU.Deploy.0 = Release|Any CPU
		{4C2ABFD7-CDDF-47D8-99C9-B514553094D6}.Release|ARM.ActiveCfg = Release|Any CPU
		{4C2ABFD7-CDDF-47D8-99C9-B514553094D6}.Release|ARM.Build.0 = Release|Any CPU
		{4C2ABFD7-CDDF-47D8-99C9-B514553094D6}.Release|ARM.Deploy.0 = Release|Any CPU
		{4C2ABFD7-CDDF-47D8-99C9-B514553094D6}.Release|iPhone.ActiveCfg = Release|Any CPU
		{4C2ABFD7-CDDF-47D8-99C9-B514553094D6}.Release|iPhone.Build.0 = Release|Any CPU
		{4C2ABFD7-CDDF-47D8-99C9-B514553094D6}.Release|iPhone.Deploy.0 = Release|Any CPU
		{4C2ABFD7-CDDF-47D8-99C9-B514553094D6}.Release|iPhoneSimulator.ActiveCfg = Release|Any CPU
		{4C2ABFD7-CDDF-47D8-99C9-B514553094D6}.Release|iPhoneSimulator.Build.0 = Release|Any CPU
		{4C2ABFD7-CDDF-47D8-99C9-B514553094D6}.Release|iPhoneSimulator.Deploy.0 = Release|Any CPU
		{4C2ABFD7-CDDF-47D8-99C9-B514553094D6}.Release|x64.ActiveCfg = Release|Any CPU
		{4C2ABFD7-CDDF-47D8-99C9-B514553094D6}.Release|x64.Build.0 = Release|Any CPU
		{4C2ABFD7-CDDF-47D8-99C9-B514553094D6}.Release|x64.Deploy.0 = Release|Any CPU
		{4C2ABFD7-CDDF-47D8-99C9-B514553094D6}.Release|x86.ActiveCfg = Release|Any CPU
		{4C2ABFD7-CDDF-47D8-99C9-B514553094D6}.Release|x86.Build.0 = Release|Any CPU
		{4C2ABFD7-CDDF-47D8-99C9-B514553094D6}.Release|x86.Deploy.0 = Release|Any CPU
		{5586B489-9610-458B-AE39-FDAB2BEC705C}.Ad-Hoc|Any CPU.ActiveCfg = Release|Any CPU
		{5586B489-9610-458B-AE39-FDAB2BEC705C}.Ad-Hoc|Any CPU.Build.0 = Release|Any CPU
		{5586B489-9610-458B-AE39-FDAB2BEC705C}.Ad-Hoc|ARM.ActiveCfg = Release|Any CPU
		{5586B489-9610-458B-AE39-FDAB2BEC705C}.Ad-Hoc|ARM.Build.0 = Release|Any CPU
		{5586B489-9610-458B-AE39-FDAB2BEC705C}.Ad-Hoc|iPhone.ActiveCfg = Release|Any CPU
		{5586B489-9610-458B-AE39-FDAB2BEC705C}.Ad-Hoc|iPhone.Build.0 = Release|Any CPU
		{5586B489-9610-458B-AE39-FDAB2BEC705C}.Ad-Hoc|iPhoneSimulator.ActiveCfg = Release|Any CPU
		{5586B489-9610-458B-AE39-FDAB2BEC705C}.Ad-Hoc|iPhoneSimulator.Build.0 = Release|Any CPU
		{5586B489-9610-458B-AE39-FDAB2BEC705C}.Ad-Hoc|x64.ActiveCfg = Release|Any CPU
		{5586B489-9610-458B-AE39-FDAB2BEC705C}.Ad-Hoc|x64.Build.0 = Release|Any CPU
		{5586B489-9610-458B-AE39-FDAB2BEC705C}.Ad-Hoc|x86.ActiveCfg = Release|Any CPU
		{5586B489-9610-458B-AE39-FDAB2BEC705C}.Ad-Hoc|x86.Build.0 = Release|Any CPU
		{5586B489-9610-458B-AE39-FDAB2BEC705C}.AppStore|Any CPU.ActiveCfg = Release|Any CPU
		{5586B489-9610-458B-AE39-FDAB2BEC705C}.AppStore|Any CPU.Build.0 = Release|Any CPU
		{5586B489-9610-458B-AE39-FDAB2BEC705C}.AppStore|ARM.ActiveCfg = Release|Any CPU
		{5586B489-9610-458B-AE39-FDAB2BEC705C}.AppStore|ARM.Build.0 = Release|Any CPU
		{5586B489-9610-458B-AE39-FDAB2BEC705C}.AppStore|iPhone.ActiveCfg = Release|Any CPU
		{5586B489-9610-458B-AE39-FDAB2BEC705C}.AppStore|iPhone.Build.0 = Release|Any CPU
		{5586B489-9610-458B-AE39-FDAB2BEC705C}.AppStore|iPhoneSimulator.ActiveCfg = Release|Any CPU
		{5586B489-9610-458B-AE39-FDAB2BEC705C}.AppStore|iPhoneSimulator.Build.0 = Release|Any CPU
		{5586B489-9610-458B-AE39-FDAB2BEC705C}.AppStore|x64.ActiveCfg = Release|Any CPU
		{5586B489-9610-458B-AE39-FDAB2BEC705C}.AppStore|x64.Build.0 = Release|Any CPU
		{5586B489-9610-458B-AE39-FDAB2BEC705C}.AppStore|x86.ActiveCfg = Release|Any CPU
		{5586B489-9610-458B-AE39-FDAB2BEC705C}.AppStore|x86.Build.0 = Release|Any CPU
		{5586B489-9610-458B-AE39-FDAB2BEC705C}.Debug|Any CPU.ActiveCfg = Debug|Any CPU
		{5586B489-9610-458B-AE39-FDAB2BEC705C}.Debug|Any CPU.Build.0 = Debug|Any CPU
		{5586B489-9610-458B-AE39-FDAB2BEC705C}.Debug|ARM.ActiveCfg = Debug|Any CPU
		{5586B489-9610-458B-AE39-FDAB2BEC705C}.Debug|ARM.Build.0 = Debug|Any CPU
		{5586B489-9610-458B-AE39-FDAB2BEC705C}.Debug|iPhone.ActiveCfg = Debug|Any CPU
		{5586B489-9610-458B-AE39-FDAB2BEC705C}.Debug|iPhone.Build.0 = Debug|Any CPU
		{5586B489-9610-458B-AE39-FDAB2BEC705C}.Debug|iPhoneSimulator.ActiveCfg = Debug|Any CPU
		{5586B489-9610-458B-AE39-FDAB2BEC705C}.Debug|iPhoneSimulator.Build.0 = Debug|Any CPU
		{5586B489-9610-458B-AE39-FDAB2BEC705C}.Debug|x64.ActiveCfg = Debug|Any CPU
		{5586B489-9610-458B-AE39-FDAB2BEC705C}.Debug|x64.Build.0 = Debug|Any CPU
		{5586B489-9610-458B-AE39-FDAB2BEC705C}.Debug|x86.ActiveCfg = Debug|Any CPU
		{5586B489-9610-458B-AE39-FDAB2BEC705C}.Debug|x86.Build.0 = Debug|Any CPU
		{5586B489-9610-458B-AE39-FDAB2BEC705C}.Release|Any CPU.ActiveCfg = Release|Any CPU
		{5586B489-9610-458B-AE39-FDAB2BEC705C}.Release|Any CPU.Build.0 = Release|Any CPU
		{5586B489-9610-458B-AE39-FDAB2BEC705C}.Release|ARM.ActiveCfg = Release|Any CPU
		{5586B489-9610-458B-AE39-FDAB2BEC705C}.Release|ARM.Build.0 = Release|Any CPU
		{5586B489-9610-458B-AE39-FDAB2BEC705C}.Release|iPhone.ActiveCfg = Release|Any CPU
		{5586B489-9610-458B-AE39-FDAB2BEC705C}.Release|iPhone.Build.0 = Release|Any CPU
		{5586B489-9610-458B-AE39-FDAB2BEC705C}.Release|iPhoneSimulator.ActiveCfg = Release|Any CPU
		{5586B489-9610-458B-AE39-FDAB2BEC705C}.Release|iPhoneSimulator.Build.0 = Release|Any CPU
		{5586B489-9610-458B-AE39-FDAB2BEC705C}.Release|x64.ActiveCfg = Release|Any CPU
		{5586B489-9610-458B-AE39-FDAB2BEC705C}.Release|x64.Build.0 = Release|Any CPU
		{5586B489-9610-458B-AE39-FDAB2BEC705C}.Release|x86.ActiveCfg = Release|Any CPU
		{5586B489-9610-458B-AE39-FDAB2BEC705C}.Release|x86.Build.0 = Release|Any CPU
		{65F00653-8A5F-4715-AD74-2B50EAC2E218}.Ad-Hoc|Any CPU.ActiveCfg = Release|x86
		{65F00653-8A5F-4715-AD74-2B50EAC2E218}.Ad-Hoc|Any CPU.Build.0 = Release|x86
		{65F00653-8A5F-4715-AD74-2B50EAC2E218}.Ad-Hoc|Any CPU.Deploy.0 = Release|x86
		{65F00653-8A5F-4715-AD74-2B50EAC2E218}.Ad-Hoc|ARM.ActiveCfg = Release|ARM
		{65F00653-8A5F-4715-AD74-2B50EAC2E218}.Ad-Hoc|ARM.Build.0 = Release|ARM
		{65F00653-8A5F-4715-AD74-2B50EAC2E218}.Ad-Hoc|ARM.Deploy.0 = Release|ARM
		{65F00653-8A5F-4715-AD74-2B50EAC2E218}.Ad-Hoc|iPhone.ActiveCfg = Release|x86
		{65F00653-8A5F-4715-AD74-2B50EAC2E218}.Ad-Hoc|iPhone.Build.0 = Release|x86
		{65F00653-8A5F-4715-AD74-2B50EAC2E218}.Ad-Hoc|iPhone.Deploy.0 = Release|x86
		{65F00653-8A5F-4715-AD74-2B50EAC2E218}.Ad-Hoc|iPhoneSimulator.ActiveCfg = Release|x86
		{65F00653-8A5F-4715-AD74-2B50EAC2E218}.Ad-Hoc|iPhoneSimulator.Build.0 = Release|x86
		{65F00653-8A5F-4715-AD74-2B50EAC2E218}.Ad-Hoc|iPhoneSimulator.Deploy.0 = Release|x86
		{65F00653-8A5F-4715-AD74-2B50EAC2E218}.Ad-Hoc|x64.ActiveCfg = Release|x64
		{65F00653-8A5F-4715-AD74-2B50EAC2E218}.Ad-Hoc|x64.Build.0 = Release|x64
		{65F00653-8A5F-4715-AD74-2B50EAC2E218}.Ad-Hoc|x64.Deploy.0 = Release|x64
		{65F00653-8A5F-4715-AD74-2B50EAC2E218}.Ad-Hoc|x86.ActiveCfg = Release|x86
		{65F00653-8A5F-4715-AD74-2B50EAC2E218}.Ad-Hoc|x86.Build.0 = Release|x86
		{65F00653-8A5F-4715-AD74-2B50EAC2E218}.Ad-Hoc|x86.Deploy.0 = Release|x86
		{65F00653-8A5F-4715-AD74-2B50EAC2E218}.AppStore|Any CPU.ActiveCfg = Release|x86
		{65F00653-8A5F-4715-AD74-2B50EAC2E218}.AppStore|Any CPU.Build.0 = Release|x86
		{65F00653-8A5F-4715-AD74-2B50EAC2E218}.AppStore|Any CPU.Deploy.0 = Release|x86
		{65F00653-8A5F-4715-AD74-2B50EAC2E218}.AppStore|ARM.ActiveCfg = Release|ARM
		{65F00653-8A5F-4715-AD74-2B50EAC2E218}.AppStore|ARM.Build.0 = Release|ARM
		{65F00653-8A5F-4715-AD74-2B50EAC2E218}.AppStore|ARM.Deploy.0 = Release|ARM
		{65F00653-8A5F-4715-AD74-2B50EAC2E218}.AppStore|iPhone.ActiveCfg = Release|x86
		{65F00653-8A5F-4715-AD74-2B50EAC2E218}.AppStore|iPhone.Build.0 = Release|x86
		{65F00653-8A5F-4715-AD74-2B50EAC2E218}.AppStore|iPhone.Deploy.0 = Release|x86
		{65F00653-8A5F-4715-AD74-2B50EAC2E218}.AppStore|iPhoneSimulator.ActiveCfg = Release|x86
		{65F00653-8A5F-4715-AD74-2B50EAC2E218}.AppStore|iPhoneSimulator.Build.0 = Release|x86
		{65F00653-8A5F-4715-AD74-2B50EAC2E218}.AppStore|iPhoneSimulator.Deploy.0 = Release|x86
		{65F00653-8A5F-4715-AD74-2B50EAC2E218}.AppStore|x64.ActiveCfg = Release|x64
		{65F00653-8A5F-4715-AD74-2B50EAC2E218}.AppStore|x64.Build.0 = Release|x64
		{65F00653-8A5F-4715-AD74-2B50EAC2E218}.AppStore|x64.Deploy.0 = Release|x64
		{65F00653-8A5F-4715-AD74-2B50EAC2E218}.AppStore|x86.ActiveCfg = Release|x86
		{65F00653-8A5F-4715-AD74-2B50EAC2E218}.AppStore|x86.Build.0 = Release|x86
		{65F00653-8A5F-4715-AD74-2B50EAC2E218}.AppStore|x86.Deploy.0 = Release|x86
		{65F00653-8A5F-4715-AD74-2B50EAC2E218}.Debug|Any CPU.ActiveCfg = Debug|x86
		{65F00653-8A5F-4715-AD74-2B50EAC2E218}.Debug|ARM.ActiveCfg = Debug|ARM
		{65F00653-8A5F-4715-AD74-2B50EAC2E218}.Debug|ARM.Build.0 = Debug|ARM
		{65F00653-8A5F-4715-AD74-2B50EAC2E218}.Debug|ARM.Deploy.0 = Debug|ARM
		{65F00653-8A5F-4715-AD74-2B50EAC2E218}.Debug|iPhone.ActiveCfg = Debug|x86
		{65F00653-8A5F-4715-AD74-2B50EAC2E218}.Debug|iPhoneSimulator.ActiveCfg = Debug|x86
		{65F00653-8A5F-4715-AD74-2B50EAC2E218}.Debug|x64.ActiveCfg = Debug|x64
		{65F00653-8A5F-4715-AD74-2B50EAC2E218}.Debug|x64.Build.0 = Debug|x64
		{65F00653-8A5F-4715-AD74-2B50EAC2E218}.Debug|x64.Deploy.0 = Debug|x64
		{65F00653-8A5F-4715-AD74-2B50EAC2E218}.Debug|x86.ActiveCfg = Debug|x86
		{65F00653-8A5F-4715-AD74-2B50EAC2E218}.Debug|x86.Build.0 = Debug|x86
		{65F00653-8A5F-4715-AD74-2B50EAC2E218}.Debug|x86.Deploy.0 = Debug|x86
		{65F00653-8A5F-4715-AD74-2B50EAC2E218}.Release|Any CPU.ActiveCfg = Release|x86
		{65F00653-8A5F-4715-AD74-2B50EAC2E218}.Release|ARM.ActiveCfg = Release|ARM
		{65F00653-8A5F-4715-AD74-2B50EAC2E218}.Release|ARM.Build.0 = Release|ARM
		{65F00653-8A5F-4715-AD74-2B50EAC2E218}.Release|ARM.Deploy.0 = Release|ARM
		{65F00653-8A5F-4715-AD74-2B50EAC2E218}.Release|iPhone.ActiveCfg = Release|x86
		{65F00653-8A5F-4715-AD74-2B50EAC2E218}.Release|iPhoneSimulator.ActiveCfg = Release|x86
		{65F00653-8A5F-4715-AD74-2B50EAC2E218}.Release|x64.ActiveCfg = Release|x64
		{65F00653-8A5F-4715-AD74-2B50EAC2E218}.Release|x64.Build.0 = Release|x64
		{65F00653-8A5F-4715-AD74-2B50EAC2E218}.Release|x64.Deploy.0 = Release|x64
		{65F00653-8A5F-4715-AD74-2B50EAC2E218}.Release|x86.ActiveCfg = Release|x86
		{65F00653-8A5F-4715-AD74-2B50EAC2E218}.Release|x86.Build.0 = Release|x86
		{65F00653-8A5F-4715-AD74-2B50EAC2E218}.Release|x86.Deploy.0 = Release|x86
		{84D82FAB-1D06-4D69-9789-6F23B238D550}.Ad-Hoc|Any CPU.ActiveCfg = Ad-Hoc|iPhone
		{84D82FAB-1D06-4D69-9789-6F23B238D550}.Ad-Hoc|ARM.ActiveCfg = Ad-Hoc|iPhone
		{84D82FAB-1D06-4D69-9789-6F23B238D550}.Ad-Hoc|iPhone.ActiveCfg = Ad-Hoc|iPhone
		{84D82FAB-1D06-4D69-9789-6F23B238D550}.Ad-Hoc|iPhone.Build.0 = Ad-Hoc|iPhone
		{84D82FAB-1D06-4D69-9789-6F23B238D550}.Ad-Hoc|iPhoneSimulator.ActiveCfg = Ad-Hoc|iPhoneSimulator
		{84D82FAB-1D06-4D69-9789-6F23B238D550}.Ad-Hoc|iPhoneSimulator.Build.0 = Ad-Hoc|iPhoneSimulator
		{84D82FAB-1D06-4D69-9789-6F23B238D550}.Ad-Hoc|x64.ActiveCfg = Ad-Hoc|iPhone
		{84D82FAB-1D06-4D69-9789-6F23B238D550}.Ad-Hoc|x86.ActiveCfg = Ad-Hoc|iPhone
		{84D82FAB-1D06-4D69-9789-6F23B238D550}.AppStore|Any CPU.ActiveCfg = AppStore|iPhone
		{84D82FAB-1D06-4D69-9789-6F23B238D550}.AppStore|ARM.ActiveCfg = AppStore|iPhone
		{84D82FAB-1D06-4D69-9789-6F23B238D550}.AppStore|iPhone.ActiveCfg = AppStore|iPhone
		{84D82FAB-1D06-4D69-9789-6F23B238D550}.AppStore|iPhone.Build.0 = AppStore|iPhone
		{84D82FAB-1D06-4D69-9789-6F23B238D550}.AppStore|iPhoneSimulator.ActiveCfg = AppStore|iPhoneSimulator
		{84D82FAB-1D06-4D69-9789-6F23B238D550}.AppStore|iPhoneSimulator.Build.0 = AppStore|iPhoneSimulator
		{84D82FAB-1D06-4D69-9789-6F23B238D550}.AppStore|x64.ActiveCfg = AppStore|iPhone
		{84D82FAB-1D06-4D69-9789-6F23B238D550}.AppStore|x86.ActiveCfg = AppStore|iPhone
		{84D82FAB-1D06-4D69-9789-6F23B238D550}.Debug|Any CPU.ActiveCfg = Debug|iPhone
		{84D82FAB-1D06-4D69-9789-6F23B238D550}.Debug|ARM.ActiveCfg = Debug|iPhone
		{84D82FAB-1D06-4D69-9789-6F23B238D550}.Debug|iPhone.ActiveCfg = Debug|iPhone
		{84D82FAB-1D06-4D69-9789-6F23B238D550}.Debug|iPhone.Build.0 = Debug|iPhone
		{84D82FAB-1D06-4D69-9789-6F23B238D550}.Debug|iPhoneSimulator.ActiveCfg = Debug|iPhoneSimulator
		{84D82FAB-1D06-4D69-9789-6F23B238D550}.Debug|iPhoneSimulator.Build.0 = Debug|iPhoneSimulator
		{84D82FAB-1D06-4D69-9789-6F23B238D550}.Debug|x64.ActiveCfg = Debug|iPhone
		{84D82FAB-1D06-4D69-9789-6F23B238D550}.Debug|x86.ActiveCfg = Debug|iPhone
		{84D82FAB-1D06-4D69-9789-6F23B238D550}.Release|Any CPU.ActiveCfg = Release|iPhone
		{84D82FAB-1D06-4D69-9789-6F23B238D550}.Release|ARM.ActiveCfg = Release|iPhone
		{84D82FAB-1D06-4D69-9789-6F23B238D550}.Release|iPhone.ActiveCfg = Release|iPhone
		{84D82FAB-1D06-4D69-9789-6F23B238D550}.Release|iPhone.Build.0 = Release|iPhone
		{84D82FAB-1D06-4D69-9789-6F23B238D550}.Release|iPhoneSimulator.ActiveCfg = Release|iPhoneSimulator
		{84D82FAB-1D06-4D69-9789-6F23B238D550}.Release|iPhoneSimulator.Build.0 = Release|iPhoneSimulator
		{84D82FAB-1D06-4D69-9789-6F23B238D550}.Release|x64.ActiveCfg = Release|iPhone
		{84D82FAB-1D06-4D69-9789-6F23B238D550}.Release|x86.ActiveCfg = Release|iPhone
	EndGlobalSection
	GlobalSection(SolutionProperties) = preSolution
		HideSolutionNode = FALSE
	EndGlobalSection
EndGlobal
